
Microsoft Visual Studio Solution File, Format Version 12.00
# Visual Studio Version 17
VisualStudioVersion = 17.9.34723.18
MinimumVisualStudioVersion = 10.0.40219.1
Project("{FAE04EC0-301F-11D3-BF4B-00C04F79EFBC}") = "MTCG", "MTCG\MTCG.csproj", "{38976617-409D-41A8-8038-E6A18337A8BB}"
EndProject
Global
	GlobalSection(SolutionConfigurationPlatforms) = preSolution
		Debug|Any CPU = Debug|Any CPU
		Release|Any CPU = Release|Any CPU
	EndGlobalSection
	GlobalSection(ProjectConfigurationPlatforms) = postSolution
		{38976617-409D-41A8-8038-E6A18337A8BB}.Debug|Any CPU.ActiveCfg = Debug|Any CPU
		{38976617-409D-41A8-8038-E6A18337A8BB}.Debug|Any CPU.Build.0 = Debug|Any CPU
		{38976617-409D-41A8-8038-E6A18337A8BB}.Release|Any CPU.ActiveCfg = Release|Any CPU
		{38976617-409D-41A8-8038-E6A18337A8BB}.Release|Any CPU.Build.0 = Release|Any CPU
	EndGlobalSection
	GlobalSection(SolutionProperties) = preSolution
		HideSolutionNode = FALSE
	EndGlobalSection
	GlobalSection(ExtensibilityGlobals) = postSolution
		SolutionGuid = {D872047A-CA4F-436E-8E9D-2221DB142B2A}
	EndGlobalSection
EndGlobal
